
Microsoft Visual Studio Solution File, Format Version 12.00
# Visual Studio Version 16
VisualStudioVersion = 16.0.29230.47
MinimumVisualStudioVersion = 10.0.40219.1
Project("{FAE04EC0-301F-11D3-BF4B-00C04F79EFBC}") = "Safe.PL.Android", "Safe.PL.Android\Safe.PL.Android.csproj", "{C304F368-7165-419C-81EF-0CC9DC512C64}"
EndProject
Project("{FAE04EC0-301F-11D3-BF4B-00C04F79EFBC}") = "Safe.PL.iOS", "Safe.PL.iOS\Safe.PL.iOS.csproj", "{F1ACA701-ADD8-4248-985A-EA3CEACA028C}"
EndProject
Project("{9A19103F-16F7-4668-BE54-9A1E7A4F7556}") = "Safe.PL", "Safe.PL\Safe.PL.csproj", "{CB31EEB9-C3E4-42C7-A6E9-BAB864FF04B0}"
EndProject
Project("{FAE04EC0-301F-11D3-BF4B-00C04F79EFBC}") = "Safe.BL", "Safe.BL\Safe.BL.csproj", "{5C4CE4F3-8B3B-4A21-83DF-A4CA8AF4C9FF}"
EndProject
Global
	GlobalSection(SolutionConfigurationPlatforms) = preSolution
		Debug|Any CPU = Debug|Any CPU
		Debug|iPhone = Debug|iPhone
		Debug|iPhoneSimulator = Debug|iPhoneSimulator
		Release|Any CPU = Release|Any CPU
		Release|iPhone = Release|iPhone
		Release|iPhoneSimulator = Release|iPhoneSimulator
	EndGlobalSection
	GlobalSection(ProjectConfigurationPlatforms) = postSolution
		{C304F368-7165-419C-81EF-0CC9DC512C64}.Debug|Any CPU.ActiveCfg = Debug|Any CPU
		{C304F368-7165-419C-81EF-0CC9DC512C64}.Debug|Any CPU.Build.0 = Debug|Any CPU
		{C304F368-7165-419C-81EF-0CC9DC512C64}.Debug|Any CPU.Deploy.0 = Debug|Any CPU
		{C304F368-7165-419C-81EF-0CC9DC512C64}.Debug|iPhone.ActiveCfg = Debug|Any CPU
		{C304F368-7165-419C-81EF-0CC9DC512C64}.Debug|iPhone.Build.0 = Debug|Any CPU
		{C304F368-7165-419C-81EF-0CC9DC512C64}.Debug|iPhone.Deploy.0 = Debug|Any CPU
		{C304F368-7165-419C-81EF-0CC9DC512C64}.Debug|iPhoneSimulator.ActiveCfg = Debug|Any CPU
		{C304F368-7165-419C-81EF-0CC9DC512C64}.Debug|iPhoneSimulator.Build.0 = Debug|Any CPU
		{C304F368-7165-419C-81EF-0CC9DC512C64}.Debug|iPhoneSimulator.Deploy.0 = Debug|Any CPU
		{C304F368-7165-419C-81EF-0CC9DC512C64}.Release|Any CPU.ActiveCfg = Release|Any CPU
		{C304F368-7165-419C-81EF-0CC9DC512C64}.Release|Any CPU.Build.0 = Release|Any CPU
		{C304F368-7165-419C-81EF-0CC9DC512C64}.Release|Any CPU.Deploy.0 = Release|Any CPU
		{C304F368-7165-419C-81EF-0CC9DC512C64}.Release|iPhone.ActiveCfg = Release|Any CPU
		{C304F368-7165-419C-81EF-0CC9DC512C64}.Release|iPhone.Build.0 = Release|Any CPU
		{C304F368-7165-419C-81EF-0CC9DC512C64}.Release|iPhone.Deploy.0 = Release|Any CPU
		{C304F368-7165-419C-81EF-0CC9DC512C64}.Release|iPhoneSimulator.ActiveCfg = Release|Any CPU
		{C304F368-7165-419C-81EF-0CC9DC512C64}.Release|iPhoneSimulator.Build.0 = Release|Any CPU
		{C304F368-7165-419C-81EF-0CC9DC512C64}.Release|iPhoneSimulator.Deploy.0 = Release|Any CPU
		{F1ACA701-ADD8-4248-985A-EA3CEACA028C}.Debug|Any CPU.ActiveCfg = Debug|iPhoneSimulator
		{F1ACA701-ADD8-4248-985A-EA3CEACA028C}.Debug|Any CPU.Build.0 = Debug|iPhoneSimulator
		{F1ACA701-ADD8-4248-985A-EA3CEACA028C}.Debug|Any CPU.Deploy.0 = Debug|iPhoneSimulator
		{F1ACA701-ADD8-4248-985A-EA3CEACA028C}.Debug|iPhone.ActiveCfg = Debug|iPhone
		{F1ACA701-ADD8-4248-985A-EA3CEACA028C}.Debug|iPhone.Build.0 = Debug|iPhone
		{F1ACA701-ADD8-4248-985A-EA3CEACA028C}.Debug|iPhone.Deploy.0 = Debug|iPhone
		{F1ACA701-ADD8-4248-985A-EA3CEACA028C}.Debug|iPhoneSimulator.ActiveCfg = Debug|iPhoneSimulator
		{F1ACA701-ADD8-4248-985A-EA3CEACA028C}.Debug|iPhoneSimulator.Build.0 = Debug|iPhoneSimulator
		{F1ACA701-ADD8-4248-985A-EA3CEACA028C}.Debug|iPhoneSimulator.Deploy.0 = Debug|iPhoneSimulator
		{F1ACA701-ADD8-4248-985A-EA3CEACA028C}.Release|Any CPU.ActiveCfg = Release|iPhone
		{F1ACA701-ADD8-4248-985A-EA3CEACA028C}.Release|Any CPU.Build.0 = Release|iPhone
		{F1ACA701-ADD8-4248-985A-EA3CEACA028C}.Release|Any CPU.Deploy.0 = Release|iPhone
		{F1ACA701-ADD8-4248-985A-EA3CEACA028C}.Release|iPhone.ActiveCfg = Release|iPhone
		{F1ACA701-ADD8-4248-985A-EA3CEACA028C}.Release|iPhone.Build.0 = Release|iPhone
		{F1ACA701-ADD8-4248-985A-EA3CEACA028C}.Release|iPhone.Deploy.0 = Release|iPhone
		{F1ACA701-ADD8-4248-985A-EA3CEACA028C}.Release|iPhoneSimulator.ActiveCfg = Release|iPhoneSimulator
		{F1ACA701-ADD8-4248-985A-EA3CEACA028C}.Release|iPhoneSimulator.Build.0 = Release|iPhoneSimulator
		{F1ACA701-ADD8-4248-985A-EA3CEACA028C}.Release|iPhoneSimulator.Deploy.0 = Release|iPhoneSimulator
		{CB31EEB9-C3E4-42C7-A6E9-BAB864FF04B0}.Debug|Any CPU.ActiveCfg = Debug|Any CPU
		{CB31EEB9-C3E4-42C7-A6E9-BAB864FF04B0}.Debug|Any CPU.Build.0 = Debug|Any CPU
		{CB31EEB9-C3E4-42C7-A6E9-BAB864FF04B0}.Debug|Any CPU.Deploy.0 = Debug|Any CPU
		{CB31EEB9-C3E4-42C7-A6E9-BAB864FF04B0}.Debug|iPhone.ActiveCfg = Debug|Any CPU
		{CB31EEB9-C3E4-42C7-A6E9-BAB864FF04B0}.Debug|iPhone.Build.0 = Debug|Any CPU
		{CB31EEB9-C3E4-42C7-A6E9-BAB864FF04B0}.Debug|iPhone.Deploy.0 = Debug|Any CPU
		{CB31EEB9-C3E4-42C7-A6E9-BAB864FF04B0}.Debug|iPhoneSimulator.ActiveCfg = Debug|Any CPU
		{CB31EEB9-C3E4-42C7-A6E9-BAB864FF04B0}.Debug|iPhoneSimulator.Build.0 = Debug|Any CPU
		{CB31EEB9-C3E4-42C7-A6E9-BAB864FF04B0}.Debug|iPhoneSimulator.Deploy.0 = Debug|Any CPU
		{CB31EEB9-C3E4-42C7-A6E9-BAB864FF04B0}.Release|Any CPU.ActiveCfg = Release|Any CPU
		{CB31EEB9-C3E4-42C7-A6E9-BAB864FF04B0}.Release|Any CPU.Build.0 = Release|Any CPU
		{CB31EEB9-C3E4-42C7-A6E9-BAB864FF04B0}.Release|Any CPU.Deploy.0 = Release|Any CPU
		{CB31EEB9-C3E4-42C7-A6E9-BAB864FF04B0}.Release|iPhone.ActiveCfg = Release|Any CPU
		{CB31EEB9-C3E4-42C7-A6E9-BAB864FF04B0}.Release|iPhone.Build.0 = Release|Any CPU
		{CB31EEB9-C3E4-42C7-A6E9-BAB864FF04B0}.Release|iPhone.Deploy.0 = Release|Any CPU
		{CB31EEB9-C3E4-42C7-A6E9-BAB864FF04B0}.Release|iPhoneSimulator.ActiveCfg = Release|Any CPU
		{CB31EEB9-C3E4-42C7-A6E9-BAB864FF04B0}.Release|iPhoneSimulator.Build.0 = Release|Any CPU
		{CB31EEB9-C3E4-42C7-A6E9-BAB864FF04B0}.Release|iPhoneSimulator.Deploy.0 = Release|Any CPU
		{5C4CE4F3-8B3B-4A21-83DF-A4CA8AF4C9FF}.Debug|Any CPU.ActiveCfg = Debug|Any CPU
		{5C4CE4F3-8B3B-4A21-83DF-A4CA8AF4C9FF}.Debug|Any CPU.Build.0 = Debug|Any CPU
		{5C4CE4F3-8B3B-4A21-83DF-A4CA8AF4C9FF}.Debug|iPhone.ActiveCfg = Debug|Any CPU
		{5C4CE4F3-8B3B-4A21-83DF-A4CA8AF4C9FF}.Debug|iPhone.Build.0 = Debug|Any CPU
		{5C4CE4F3-8B3B-4A21-83DF-A4CA8AF4C9FF}.Debug|iPhoneSimulator.ActiveCfg = Debug|Any CPU
		{5C4CE4F3-8B3B-4A21-83DF-A4CA8AF4C9FF}.Debug|iPhoneSimulator.Build.0 = Debug|Any CPU
		{5C4CE4F3-8B3B-4A21-83DF-A4CA8AF4C9FF}.Release|Any CPU.ActiveCfg = Release|Any CPU
		{5C4CE4F3-8B3B-4A21-83DF-A4CA8AF4C9FF}.Release|Any CPU.Build.0 = Release|Any CPU
		{5C4CE4F3-8B3B-4A21-83DF-A4CA8AF4C9FF}.Release|iPhone.ActiveCfg = Release|Any CPU
		{5C4CE4F3-8B3B-4A21-83DF-A4CA8AF4C9FF}.Release|iPhone.Build.0 = Release|Any CPU
		{5C4CE4F3-8B3B-4A21-83DF-A4CA8AF4C9FF}.Release|iPhoneSimulator.ActiveCfg = Release|Any CPU
		{5C4CE4F3-8B3B-4A21-83DF-A4CA8AF4C9FF}.Release|iPhoneSimulator.Build.0 = Release|Any CPU
	EndGlobalSection
	GlobalSection(SolutionProperties) = preSolution
		HideSolutionNode = FALSE
	EndGlobalSection
	GlobalSection(ExtensibilityGlobals) = postSolution
		SolutionGuid = {E0542202-2816-48D2-855D-38A60E0CD2E7}
	EndGlobalSection
EndGlobal
